// !$*UTF8*$!
{
	archiveVersion = 1;
	classes = {
	};
	objectVersion = 46;
	objects = {

/* Begin PBXBuildFile section */
		3D00FC1E154C4EB40042B483 /* UIKit.framework in Frameworks */ = {isa = PBXBuildFile; fileRef = 3D00FC1D154C4EB40042B483 /* UIKit.framework */; };
		3D00FC20154C4EB40042B483 /* Foundation.framework in Frameworks */ = {isa = PBXBuildFile; fileRef = 3D00FC1F154C4EB40042B483 /* Foundation.framework */; };
		3D00FC22154C4EB40042B483 /* CoreGraphics.framework in Frameworks */ = {isa = PBXBuildFile; fileRef = 3D00FC21154C4EB40042B483 /* CoreGraphics.framework */; };
		3D00FC28154C4EB40042B483 /* InfoPlist.strings in Resources */ = {isa = PBXBuildFile; fileRef = 3D00FC26154C4EB40042B483 /* InfoPlist.strings */; };
		3D00FC2A154C4EB40042B483 /* main.m in Sources */ = {isa = PBXBuildFile; fileRef = 3D00FC29154C4EB40042B483 /* main.m */; };
		3D00FC2E154C4EB40042B483 /* PullToRefreshAppDelegate.m in Sources */ = {isa = PBXBuildFile; fileRef = 3D00FC2D154C4EB40042B483 /* PullToRefreshAppDelegate.m */; };
		3D00FC31154C4EB40042B483 /* MainStoryboard.storyboard in Resources */ = {isa = PBXBuildFile; fileRef = 3D00FC2F154C4EB40042B483 /* MainStoryboard.storyboard */; };
		3D00FC34154C4EB40042B483 /* PullToRefreshViewController.m in Sources */ = {isa = PBXBuildFile; fileRef = 3D00FC33154C4EB40042B483 /* PullToRefreshViewController.m */; };
		3D00FC3D154C50F20042B483 /* updateArrow.png in Resources */ = {isa = PBXBuildFile; fileRef = 3D00FC3B154C50F20042B483 /* updateArrow.png */; };
		3D00FC3E154C50F20042B483 /* updateArrow@2x.png in Resources */ = {isa = PBXBuildFile; fileRef = 3D00FC3C154C50F20042B483 /* updateArrow@2x.png */; };
		3D00FC40154C564D0042B483 /* AVFoundation.framework in Frameworks */ = {isa = PBXBuildFile; fileRef = 3D00FC3F154C564D0042B483 /* AVFoundation.framework */; };
		3D00FC43154C56F70042B483 /* pullSound.mp3 in Resources */ = {isa = PBXBuildFile; fileRef = 3D00FC41154C56F70042B483 /* pullSound.mp3 */; };
		3D00FC44154C56F70042B483 /* releaseSound.mp3 in Resources */ = {isa = PBXBuildFile; fileRef = 3D00FC42154C56F70042B483 /* releaseSound.mp3 */; };
/* End PBXBuildFile section */

/* Begin PBXFileReference section */
		3D00FC19154C4EB40042B483 /* PullToRefresh.app */ = {isa = PBXFileReference; explicitFileType = wrapper.application; includeInIndex = 0; path = PullToRefresh.app; sourceTree = BUILT_PRODUCTS_DIR; };
		3D00FC1D154C4EB40042B483 /* UIKit.framework */ = {isa = PBXFileReference; lastKnownFileType = wrapper.framework; name = UIKit.framework; path = System/Library/Frameworks/UIKit.framework; sourceTree = SDKROOT; };
		3D00FC1F154C4EB40042B483 /* Foundation.framework */ = {isa = PBXFileReference; lastKnownFileType = wrapper.framework; name = Foundation.framework; path = System/Library/Frameworks/Foundation.framework; sourceTree = SDKROOT; };
		3D00FC21154C4EB40042B483 /* CoreGraphics.framework */ = {isa = PBXFileReference; lastKnownFileType = wrapper.framework; name = CoreGraphics.framework; path = System/Library/Frameworks/CoreGraphics.framework; sourceTree = SDKROOT; };
		3D00FC25154C4EB40042B483 /* PullToRefresh-Info.plist */ = {isa = PBXFileReference; lastKnownFileType = text.plist.xml; path = "PullToRefresh-Info.plist"; sourceTree = "<group>"; };
		3D00FC27154C4EB40042B483 /* en */ = {isa = PBXFileReference; lastKnownFileType = text.plist.strings; name = en; path = en.lproj/InfoPlist.strings; sourceTree = "<group>"; };
		3D00FC29154C4EB40042B483 /* main.m */ = {isa = PBXFileReference; lastKnownFileType = sourcecode.c.objc; path = main.m; sourceTree = "<group>"; };
		3D00FC2B154C4EB40042B483 /* PullToRefresh-Prefix.pch */ = {isa = PBXFileReference; lastKnownFileType = sourcecode.c.h; path = "PullToRefresh-Prefix.pch"; sourceTree = "<group>"; };
		3D00FC2C154C4EB40042B483 /* PullToRefreshAppDelegate.h */ = {isa = PBXFileReference; lastKnownFileType = sourcecode.c.h; path = PullToRefreshAppDelegate.h; sourceTree = "<group>"; };
		3D00FC2D154C4EB40042B483 /* PullToRefreshAppDelegate.m */ = {isa = PBXFileReference; lastKnownFileType = sourcecode.c.objc; path = PullToRefreshAppDelegate.m; sourceTree = "<group>"; };
		3D00FC30154C4EB40042B483 /* en */ = {isa = PBXFileReference; lastKnownFileType = file.storyboard; name = en; path = en.lproj/MainStoryboard.storyboard; sourceTree = "<group>"; };
		3D00FC32154C4EB40042B483 /* PullToRefreshViewController.h */ = {isa = PBXFileReference; lastKnownFileType = sourcecode.c.h; path = PullToRefreshViewController.h; sourceTree = "<group>"; };
		3D00FC33154C4EB40042B483 /* PullToRefreshViewController.m */ = {isa = PBXFileReference; lastKnownFileType = sourcecode.c.objc; path = PullToRefreshViewController.m; sourceTree = "<group>"; };
		3D00FC3B154C50F20042B483 /* updateArrow.png */ = {isa = PBXFileReference; lastKnownFileType = image.png; path = updateArrow.png; sourceTree = "<group>"; };
		3D00FC3C154C50F20042B483 /* updateArrow@2x.png */ = {isa = PBXFileReference; lastKnownFileType = image.png; path = "updateArrow@2x.png"; sourceTree = "<group>"; };
		3D00FC3F154C564D0042B483 /* AVFoundation.framework */ = {isa = PBXFileReference; lastKnownFileType = wrapper.framework; name = AVFoundation.framework; path = System/Library/Frameworks/AVFoundation.framework; sourceTree = SDKROOT; };
		3D00FC41154C56F70042B483 /* pullSound.mp3 */ = {isa = PBXFileReference; lastKnownFileType = audio.mp3; path = pullSound.mp3; sourceTree = "<group>"; };
		3D00FC42154C56F70042B483 /* releaseSound.mp3 */ = {isa = PBXFileReference; lastKnownFileType = audio.mp3; path = releaseSound.mp3; sourceTree = "<group>"; };
/* End PBXFileReference section */

/* Begin PBXFrameworksBuildPhase section */
		3D00FC16154C4EB40042B483 /* Frameworks */ = {
			isa = PBXFrameworksBuildPhase;
			buildActionMask = 2147483647;
			files = (
				3D00FC40154C564D0042B483 /* AVFoundation.framework in Frameworks */,
				3D00FC1E154C4EB40042B483 /* UIKit.framework in Frameworks */,
				3D00FC20154C4EB40042B483 /* Foundation.framework in Frameworks */,
				3D00FC22154C4EB40042B483 /* CoreGraphics.framework in Frameworks */,
			);
			runOnlyForDeploymentPostprocessing = 0;
		};
/* End PBXFrameworksBuildPhase section */

/* Begin PBXGroup section */
		3D00FC0E154C4EB40042B483 = {
			isa = PBXGroup;
			children = (
				3D00FC23154C4EB40042B483 /* PullToRefresh */,
				3D00FC1C154C4EB40042B483 /* Frameworks */,
				3D00FC1A154C4EB40042B483 /* Products */,
			);
			sourceTree = "<group>";
		};
		3D00FC1A154C4EB40042B483 /* Products */ = {
			isa = PBXGroup;
			children = (
				3D00FC19154C4EB40042B483 /* PullToRefresh.app */,
			);
			name = Products;
			sourceTree = "<group>";
		};
		3D00FC1C154C4EB40042B483 /* Frameworks */ = {
			isa = PBXGroup;
			children = (
				3D00FC3F154C564D0042B483 /* AVFoundation.framework */,
				3D00FC1D154C4EB40042B483 /* UIKit.framework */,
				3D00FC1F154C4EB40042B483 /* Foundation.framework */,
				3D00FC21154C4EB40042B483 /* CoreGraphics.framework */,
			);
			name = Frameworks;
			sourceTree = "<group>";
		};
		3D00FC23154C4EB40042B483 /* PullToRefresh */ = {
			isa = PBXGroup;
			children = (
				3D00FC2C154C4EB40042B483 /* PullToRefreshAppDelegate.h */,
				3D00FC2D154C4EB40042B483 /* PullToRefreshAppDelegate.m */,
				3D00FC2F154C4EB40042B483 /* MainStoryboard.storyboard */,
				3D00FC32154C4EB40042B483 /* PullToRefreshViewController.h */,
				3D00FC33154C4EB40042B483 /* PullToRefreshViewController.m */,
				3D00FC3A154C50D60042B483 /* Images */,
				3D00FC24154C4EB40042B483 /* Supporting Files */,
			);
			path = PullToRefresh;
			sourceTree = "<group>";
		};
		3D00FC24154C4EB40042B483 /* Supporting Files */ = {
			isa = PBXGroup;
			children = (
				3D00FC41154C56F70042B483 /* pullSound.mp3 */,
				3D00FC42154C56F70042B483 /* releaseSound.mp3 */,
				3D00FC25154C4EB40042B483 /* PullToRefresh-Info.plist */,
				3D00FC26154C4EB40042B483 /* InfoPlist.strings */,
				3D00FC29154C4EB40042B483 /* main.m */,
				3D00FC2B154C4EB40042B483 /* PullToRefresh-Prefix.pch */,
			);
			name = "Supporting Files";
			sourceTree = "<group>";
		};
		3D00FC3A154C50D60042B483 /* Images */ = {
			isa = PBXGroup;
			children = (
				3D00FC3B154C50F20042B483 /* updateArrow.png */,
				3D00FC3C154C50F20042B483 /* updateArrow@2x.png */,
			);
			name = Images;
			sourceTree = "<group>";
		};
/* End PBXGroup section */

/* Begin PBXNativeTarget section */
		3D00FC18154C4EB40042B483 /* PullToRefresh */ = {
			isa = PBXNativeTarget;
			buildConfigurationList = 3D00FC37154C4EB40042B483 /* Build configuration list for PBXNativeTarget "PullToRefresh" */;
			buildPhases = (
				3D00FC15154C4EB40042B483 /* Sources */,
				3D00FC16154C4EB40042B483 /* Frameworks */,
				3D00FC17154C4EB40042B483 /* Resources */,
			);
			buildRules = (
			);
			dependencies = (
			);
			name = PullToRefresh;
			productName = PullToRefresh;
			productReference = 3D00FC19154C4EB40042B483 /* PullToRefresh.app */;
			productType = "com.apple.product-type.application";
		};
/* End PBXNativeTarget section */

/* Begin PBXProject section */
		3D00FC10154C4EB40042B483 /* Project object */ = {
			isa = PBXProject;
			attributes = {
				CLASSPREFIX = PullToRefresh;
				LastUpgradeCheck = 0430;
				ORGANIZATIONNAME = _A_Z;
			};
			buildConfigurationList = 3D00FC13154C4EB40042B483 /* Build configuration list for PBXProject "PullToRefresh" */;
			compatibilityVersion = "Xcode 3.2";
			developmentRegion = English;
			hasScannedForEncodings = 0;
			knownRegions = (
				en,
			);
			mainGroup = 3D00FC0E154C4EB40042B483;
			productRefGroup = 3D00FC1A154C4EB40042B483 /* Products */;
			projectDirPath = "";
			projectRoot = "";
			targets = (
				3D00FC18154C4EB40042B483 /* PullToRefresh */,
			);
		};
/* End PBXProject section */

/* Begin PBXResourcesBuildPhase section */
		3D00FC17154C4EB40042B483 /* Resources */ = {
			isa = PBXResourcesBuildPhase;
			buildActionMask = 2147483647;
			files = (
				3D00FC28154C4EB40042B483 /* InfoPlist.strings in Resources */,
				3D00FC31154C4EB40042B483 /* MainStoryboard.storyboard in Resources */,
				3D00FC3D154C50F20042B483 /* updateArrow.png in Resources */,
				3D00FC3E154C50F20042B483 /* updateArrow@2x.png in Resources */,
				3D00FC43154C56F70042B483 /* pullSound.mp3 in Resources */,
				3D00FC44154C56F70042B483 /* releaseSound.mp3 in Resources */,
			);
			runOnlyForDeploymentPostprocessing = 0;
		};
/* End PBXResourcesBuildPhase section */

/* Begin PBXSourcesBuildPhase section */
		3D00FC15154C4EB40042B483 /* Sources */ = {
			isa = PBXSourcesBuildPhase;
			buildActionMask = 2147483647;
			files = (
				3D00FC2A154C4EB40042B483 /* main.m in Sources */,
				3D00FC2E154C4EB40042B483 /* PullToRefreshAppDelegate.m in Sources */,
				3D00FC34154C4EB40042B483 /* PullToRefreshViewController.m in Sources */,
			);
			runOnlyForDeploymentPostprocessing = 0;
		};
/* End PBXSourcesBuildPhase section */

/* Begin PBXVariantGroup section */
		3D00FC26154C4EB40042B483 /* InfoPlist.strings */ = {
			isa = PBXVariantGroup;
			children = (
				3D00FC27154C4EB40042B483 /* en */,
			);
			name = InfoPlist.strings;
			sourceTree = "<group>";
		};
		3D00FC2F154C4EB40042B483 /* MainStoryboard.storyboard */ = {
			isa = PBXVariantGroup;
			children = (
				3D00FC30154C4EB40042B483 /* en */,
			);
			name = MainStoryboard.storyboard;
			sourceTree = "<group>";
		};
/* End PBXVariantGroup section */

/* Begin XCBuildConfiguration section */
		3D00FC35154C4EB40042B483 /* Debug */ = {
			isa = XCBuildConfiguration;
			buildSettings = {
				ALWAYS_SEARCH_USER_PATHS = NO;
				ARCHS = "$(ARCHS_STANDARD_32_BIT)";
				CLANG_ENABLE_OBJC_ARC = YES;
				"CODE_SIGN_IDENTITY[sdk=iphoneos*]" = "iPhone Developer";
				COPY_PHASE_STRIP = NO;
				GCC_C_LANGUAGE_STANDARD = gnu99;
				GCC_DYNAMIC_NO_PIC = NO;
				GCC_OPTIMIZATION_LEVEL = 0;
				GCC_PREPROCESSOR_DEFINITIONS = (
					"DEBUG=1",
					"$(inherited)",
				);
				GCC_SYMBOLS_PRIVATE_EXTERN = NO;
				GCC_VERSION = com.apple.compilers.llvm.clang.1_0;
				GCC_WARN_ABOUT_RETURN_TYPE = YES;
				GCC_WARN_UNINITIALIZED_AUTOS = YES;
				GCC_WARN_UNUSED_VARIABLE = YES;
				IPHONEOS_DEPLOYMENT_TARGET = 5.1;
				SDKROOT = iphoneos;
			};
			name = Debug;
		};
		3D00FC36154C4EB40042B483 /* Release */ = {
			isa = XCBuildConfiguration;
			buildSettings = {
				ALWAYS_SEARCH_USER_PATHS = NO;
				ARCHS = "$(ARCHS_STANDARD_32_BIT)";
				CLANG_ENABLE_OBJC_ARC = YES;
				"CODE_SIGN_IDENTITY[sdk=iphoneos*]" = "iPhone Developer";
				COPY_PHASE_STRIP = YES;
				GCC_C_LANGUAGE_STANDARD = gnu99;
				GCC_VERSION = com.apple.compilers.llvm.clang.1_0;
				GCC_WARN_ABOUT_RETURN_TYPE = YES;
				GCC_WARN_UNINITIALIZED_AUTOS = YES;
				GCC_WARN_UNUSED_VARIABLE = YES;
				IPHONEOS_DEPLOYMENT_TARGET = 5.1;
				OTHER_CFLAGS = "-DNS_BLOCK_ASSERTIONS=1";
				SDKROOT = iphoneos;
				VALIDATE_PRODUCT = YES;
			};
			name = Release;
		};
		3D00FC38154C4EB40042B483 /* Debug */ = {
			isa = XCBuildConfiguration;
			buildSettings = {
				GCC_PRECOMPILE_PREFIX_HEADER = YES;
				GCC_PREFIX_HEADER = "PullToRefresh/PullToRefresh-Prefix.pch";
				INFOPLIST_FILE = "PullToRefresh/PullToRefresh-Info.plist";
				PRODUCT_NAME = "$(TARGET_NAME)";
				WRAPPER_EXTENSION = app;
			};
			name = Debug;
		};
		3D00FC39154C4EB40042B483 /* Release */ = {
			isa = XCBuildConfiguration;
			buildSettings = {
				GCC_PRECOMPILE_PREFIX_HEADER = YES;
				GCC_PREFIX_HEADER = "PullToRefresh/PullToRefresh-Prefix.pch";
				INFOPLIST_FILE = "PullToRefresh/PullToRefresh-Info.plist";
				PRODUCT_NAME = "$(TARGET_NAME)";
				WRAPPER_EXTENSION = app;
			};
			name = Release;
		};
/* End XCBuildConfiguration section */

/* Begin XCConfigurationList section */
		3D00FC13154C4EB40042B483 /* Build configuration list for PBXProject "PullToRefresh" */ = {
			isa = XCConfigurationList;
			buildConfigurations = (
				3D00FC35154C4EB40042B483 /* Debug */,
				3D00FC36154C4EB40042B483 /* Release */,
			);
			defaultConfigurationIsVisible = 0;
			defaultConfigurationName = Release;
		};
		3D00FC37154C4EB40042B483 /* Build configuration list for PBXNativeTarget "PullToRefresh" */ = {
			isa = XCConfigurationList;
			buildConfigurations = (
				3D00FC38154C4EB40042B483 /* Debug */,
				3D00FC39154C4EB40042B483 /* Release */,
			);
			defaultConfigurationIsVisible = 0;
		};
/* End XCConfigurationList section */
	};
	rootObject = 3D00FC10154C4EB40042B483 /* Project object */;
}
